
Microsoft Visual Studio Solution File, Format Version 10.00
# Visual Studio 2008
Project("{8BC9CEB8-8B4A-11D0-8D11-00A0C91BC942}") = "BUT03", "BUT03\BUT03.vcproj", "{C7E8F224-1322-4831-AE69-F3418E2C915C}"
EndProject
Global
	GlobalSection(SolutionConfigurationPlatforms) = preSolution
		Debug|Win32 = Debug|Win32
		Release|Win32 = Release|Win32
	EndGlobalSection
	GlobalSection(ProjectConfigurationPlatforms) = postSolution
		{C7E8F224-1322-4831-AE69-F3418E2C915C}.Debug|Win32.ActiveCfg = Debug|Win32
		{C7E8F224-1322-4831-AE69-F3418E2C915C}.Debug|Win32.Build.0 = Debug|Win32
		{C7E8F224-1322-4831-AE69-F3418E2C915C}.Release|Win32.ActiveCfg = Release|Win32
		{C7E8F224-1322-4831-AE69-F3418E2C915C}.Release|Win32.Build.0 = Release|Win32
	EndGlobalSection
	GlobalSection(SolutionProperties) = preSolution
		HideSolutionNode = FALSE
	EndGlobalSection
EndGlobal
